// !$*UTF8*$!
{
	archiveVersion = 1;
	classes = {
	};
	objectVersion = 42;
	objects = {

/* Begin PBXAggregateTarget section */
		9069D13C0FCE35730042E34C /* make */ = {
			isa = PBXAggregateTarget;
			buildConfigurationList = 9069D13F0FCE35910042E34C /* Build configuration list for PBXAggregateTarget "make" */;
			buildPhases = (
				9069D13B0FCE35730042E34C /* ShellScript */,
			);
			dependencies = (
			);
			name = make;
			productName = libcrypto.a;
		};
/* End PBXAggregateTarget section */

/* Begin PBXContainerItemProxy section */
		9069D2920FCE65A70042E34C /* PBXContainerItemProxy */ = {
			isa = PBXContainerItemProxy;
			containerPortal = 9069D12F0FCE340B0042E34C /* Project object */;
			proxyType = 1;
			remoteGlobalIDString = 9069D13C0FCE35730042E34C;
			remoteInfo = make;
		};
/* End PBXContainerItemProxy section */

/* Begin PBXFileReference section */
		9069D28C0FCE659A0042E34C /* libcrypto.a */ = {isa = PBXFileReference; explicitFileType = archive.ar; includeInIndex = 0; path = libcrypto.a; sourceTree = BUILT_PRODUCTS_DIR; };
/* End PBXFileReference section */

/* Begin PBXFrameworksBuildPhase section */
		9069D28A0FCE659A0042E34C /* Frameworks */ = {
			isa = PBXFrameworksBuildPhase;
			buildActionMask = 2147483647;
			files = (
			);
			runOnlyForDeploymentPostprocessing = 0;
		};
/* End PBXFrameworksBuildPhase section */

/* Begin PBXGroup section */
		9069D12D0FCE340B0042E34C = {
			isa = PBXGroup;
			children = (
				9069D25C0FCE62420042E34C /* Products */,
			);
			sourceTree = "<group>";
		};
		9069D25C0FCE62420042E34C /* Products */ = {
			isa = PBXGroup;
			children = (
				9069D28C0FCE659A0042E34C /* libcrypto.a */,
			);
			name = Products;
			sourceTree = "<group>";
		};
/* End PBXGroup section */

/* Begin PBXNativeTarget section */
		9069D28B0FCE659A0042E34C /* crypto */ = {
			isa = PBXNativeTarget;
			buildConfigurationList = 9069D2980FCE65C10042E34C /* Build configuration list for PBXNativeTarget "crypto" */;
			buildPhases = (
				9069D28A0FCE659A0042E34C /* Frameworks */,
			);
			buildRules = (
			);
			dependencies = (
				9069D2930FCE65A70042E34C /* PBXTargetDependency */,
			);
			name = crypto;
			productName = crypto;
			productReference = 9069D28C0FCE659A0042E34C /* libcrypto.a */;
			productType = "com.apple.product-type.library.static";
		};
/* End PBXNativeTarget section */

/* Begin PBXProject section */
		9069D12F0FCE340B0042E34C /* Project object */ = {
			isa = PBXProject;
			buildConfigurationList = 9069D1320FCE340B0042E34C /* Build configuration list for PBXProject "openssl" */;
			compatibilityVersion = "Xcode 2.4";
			hasScannedForEncodings = 0;
			mainGroup = 9069D12D0FCE340B0042E34C;
			projectDirPath = "";
			projectRoot = "";
			targets = (
				9069D13C0FCE35730042E34C /* make */,
				9069D28B0FCE659A0042E34C /* crypto */,
			);
		};
/* End PBXProject section */

/* Begin PBXShellScriptBuildPhase section */
		9069D13B0FCE35730042E34C /* ShellScript */ = {
			isa = PBXShellScriptBuildPhase;
			buildActionMask = 2147483647;
			files = (
			);
			inputPaths = (
				"$(SRCROOT)/Makefile",
			);
			outputPaths = (
				"$(BUILT_PRODUCTS_DIR)/libcrypto.a",
			);
			runOnlyForDeploymentPostprocessing = 0;
			shellPath = /bin/sh;
			shellScript = "set\n\nif [ \"$SDKROOT\" != \"\" ]; then\n\tISYSROOT=\"-isysroot $SDKROOT\"\nfi\n\n\n## this is a universal build\nif [ \"$ARCHS_STANDARD_32_BIT\" = \"i386 ppc\" ]; then\n\n\tmkdir -p temp-universal\n\n\tBUILDARCH=\"ppc\"\n\techo \"***** BUILDING UNIVERSAL ARCH $BUILDARCH ******\"\n\tmake clean\n\t./config -openssldir=\"$BUILD_DIR\"\n\tmake CC=$PLATFORM_DEVELOPER_BIN_DIR/gcc-4.0 CFLAG=\"-D_DARWIN_C_SOURCE -arch $BUILDARCH $ISYSROOT\" SHARED_LDFLAGS=\"-arch $BUILDARCH -dynamiclib\"\n\tcp libcrypto.a temp-universal/$BUILDARCH-libcrypto.a\n\tcp libssl.a temp-universal/$BUILDARCH-libssl.a\n\t\n\tBUILDARCH=\"i386\"\n\techo \"***** BUILDING UNIVERSAL ARCH $BUILDARCH ******\"\n\tmake clean\n\t./config -openssldir=\"$BUILD_DIR\"\n\tmake CC=$PLATFORM_DEVELOPER_BIN_DIR/gcc-4.0 CFLAG=\"-D_DARWIN_C_SOURCE -arch $BUILDARCH $ISYSROOT\" SHARED_LDFLAGS=\"-arch $BUILDARCH -dynamiclib\"\n\tcp libcrypto.a temp-universal/$BUILDARCH-libcrypto.a\n\tcp libssl.a temp-universal/$BUILDARCH-libssl.a\n\n\tlipo -create temp-universal/*-libcrypto.a -output libcrypto.a\n   \tlipo -create temp-universal/*-libssl.a -output libssl.a\nelse\n\tBUILDARCH=$ARCHS\n\techo \"***** BUILDING ARCH $BUILDARCH ******\"\n\tmake clean\n\t./config -openssldir=\"$BUILD_DIR\"\n\tmake CC=$PLATFORM_DEVELOPER_BIN_DIR/gcc-4.0 CFLAG=\"-D_DARWIN_C_SOURCE -arch $BUILDARCH $ISYSROOT\" SHARED_LDFLAGS=\"-arch $BUILDARCH -dynamiclib\"\nfi\n\nranlib libcrypto.a \nranlib libssl.a\ncp libcrypto.a libssl.a \"$BUILT_PRODUCTS_DIR\"\nexit 0";
		};
/* End PBXShellScriptBuildPhase section */

/* Begin PBXTargetDependency section */
		9069D2930FCE65A70042E34C /* PBXTargetDependency */ = {
			isa = PBXTargetDependency;
			target = 9069D13C0FCE35730042E34C /* make */;
			targetProxy = 9069D2920FCE65A70042E34C /* PBXContainerItemProxy */;
		};
/* End PBXTargetDependency section */

/* Begin XCBuildConfiguration section */
		9069D1300FCE340B0042E34C /* Debug */ = {
			isa = XCBuildConfiguration;
			buildSettings = {
				COPY_PHASE_STRIP = NO;
			};
			name = Debug;
		};
		9069D1310FCE340B0042E34C /* Release */ = {
			isa = XCBuildConfiguration;
			buildSettings = {
				COPY_PHASE_STRIP = YES;
			};
			name = Release;
		};
		9069D13D0FCE35730042E34C /* Debug */ = {
			isa = XCBuildConfiguration;
			buildSettings = {
				COPY_PHASE_STRIP = NO;
				GCC_DYNAMIC_NO_PIC = NO;
				GCC_OPTIMIZATION_LEVEL = 0;
				PRODUCT_NAME = libcrypto.a;
			};
			name = Debug;
		};
		9069D13E0FCE35730042E34C /* Release */ = {
			isa = XCBuildConfiguration;
			buildSettings = {
				COPY_PHASE_STRIP = YES;
				DEBUG_INFORMATION_FORMAT = "dwarf-with-dsym";
				GCC_ENABLE_FIX_AND_CONTINUE = NO;
				PRODUCT_NAME = libcrypto.a;
				ZERO_LINK = NO;
			};
			name = Release;
		};
		9069D28D0FCE659B0042E34C /* Debug */ = {
			isa = XCBuildConfiguration;
			buildSettings = {
				ALWAYS_SEARCH_USER_PATHS = NO;
				COPY_PHASE_STRIP = NO;
				GCC_DYNAMIC_NO_PIC = NO;
				GCC_ENABLE_FIX_AND_CONTINUE = YES;
				GCC_MODEL_TUNING = G5;
				GCC_OPTIMIZATION_LEVEL = 0;
				INSTALL_PATH = /usr/local/lib;
				PREBINDING = NO;
				PRODUCT_NAME = crypto;
			};
			name = Debug;
		};
		9069D28E0FCE659B0042E34C /* Release */ = {
			isa = XCBuildConfiguration;
			buildSettings = {
				ALWAYS_SEARCH_USER_PATHS = NO;
				COPY_PHASE_STRIP = YES;
				DEBUG_INFORMATION_FORMAT = "dwarf-with-dsym";
				GCC_ENABLE_FIX_AND_CONTINUE = NO;
				GCC_MODEL_TUNING = G5;
				INSTALL_PATH = /usr/local/lib;
				PREBINDING = NO;
				PRODUCT_NAME = crypto;
				ZERO_LINK = NO;
			};
			name = Release;
		};
/* End XCBuildConfiguration section */

/* Begin XCConfigurationList section */
		9069D1320FCE340B0042E34C /* Build configuration list for PBXProject "openssl" */ = {
			isa = XCConfigurationList;
			buildConfigurations = (
				9069D1300FCE340B0042E34C /* Debug */,
				9069D1310FCE340B0042E34C /* Release */,
			);
			defaultConfigurationIsVisible = 0;
			defaultConfigurationName = Release;
		};
		9069D13F0FCE35910042E34C /* Build configuration list for PBXAggregateTarget "make" */ = {
			isa = XCConfigurationList;
			buildConfigurations = (
				9069D13D0FCE35730042E34C /* Debug */,
				9069D13E0FCE35730042E34C /* Release */,
			);
			defaultConfigurationIsVisible = 0;
			defaultConfigurationName = Release;
		};
		9069D2980FCE65C10042E34C /* Build configuration list for PBXNativeTarget "crypto" */ = {
			isa = XCConfigurationList;
			buildConfigurations = (
				9069D28D0FCE659B0042E34C /* Debug */,
				9069D28E0FCE659B0042E34C /* Release */,
			);
			defaultConfigurationIsVisible = 0;
			defaultConfigurationName = Release;
		};
/* End XCConfigurationList section */
	};
	rootObject = 9069D12F0FCE340B0042E34C /* Project object */;
}
